// !$*UTF8*$!
{
	archiveVersion = 1;
	classes = {
	};
	objectVersion = 46;
	objects = {

/* Begin PBXBuildFile section */
		5F785BA41EBCE8EC00FD8052 /* AppCell.swift in Sources */ = {isa = PBXBuildFile; fileRef = 5F785BA31EBCE8EC00FD8052 /* AppCell.swift */; };
		5F785BA61EC2B3A700FD8052 /* NewsCell.swift in Sources */ = {isa = PBXBuildFile; fileRef = 5F785BA51EC2B3A700FD8052 /* NewsCell.swift */; };
		5F785BA81EC2B53700FD8052 /* RSSFormat.swift in Sources */ = {isa = PBXBuildFile; fileRef = 5F785BA71EC2B53700FD8052 /* RSSFormat.swift */; };
		5F785BAA1EC2B57500FD8052 /* NewsDetailViewController.swift in Sources */ = {isa = PBXBuildFile; fileRef = 5F785BA91EC2B57500FD8052 /* NewsDetailViewController.swift */; };
		5F785BAB1EC3394300FD8052 /* Pods_ITRITainenHelper.framework in Frameworks */ = {isa = PBXBuildFile; fileRef = 8875017D01ADB2C4A1117FC1 /* Pods_ITRITainenHelper.framework */; };
		5F785BAF1EC4585D00FD8052 /* NewViewController.swift in Sources */ = {isa = PBXBuildFile; fileRef = 5F785BAE1EC4585D00FD8052 /* NewViewController.swift */; };
		5F785BB11EC458CA00FD8052 /* ActivityCell.swift in Sources */ = {isa = PBXBuildFile; fileRef = 5F785BB01EC458CA00FD8052 /* ActivityCell.swift */; };
		5F785BB51EC4649A00FD8052 /* ActivityRSSFormat.swift in Sources */ = {isa = PBXBuildFile; fileRef = 5F785BB41EC4649A00FD8052 /* ActivityRSSFormat.swift */; };
		5F785BC41EC54DCD00FD8052 /* Bathroomcell.swift in Sources */ = {isa = PBXBuildFile; fileRef = 5F785BC01EC54DCD00FD8052 /* Bathroomcell.swift */; };
		5F785BC51EC54DCD00FD8052 /* BathroomViewViewController.swift in Sources */ = {isa = PBXBuildFile; fileRef = 5F785BC11EC54DCD00FD8052 /* BathroomViewViewController.swift */; };
		5F785BC61EC54DCD00FD8052 /* DrinkTableViewController.swift in Sources */ = {isa = PBXBuildFile; fileRef = 5F785BC21EC54DCD00FD8052 /* DrinkTableViewController.swift */; };
		5F785BC71EC54DCD00FD8052 /* DrinkViewController.swift in Sources */ = {isa = PBXBuildFile; fileRef = 5F785BC31EC54DCD00FD8052 /* DrinkViewController.swift */; };
		5F785BCA1EC5F3E700FD8052 /* Facility.storyboard in Resources */ = {isa = PBXBuildFile; fileRef = 5F785BC81EC5F3E700FD8052 /* Facility.storyboard */; };
		5F785BCB1EC5F3E700FD8052 /* FacilityViewController.swift in Sources */ = {isa = PBXBuildFile; fileRef = 5F785BC91EC5F3E700FD8052 /* FacilityViewController.swift */; };
		67117C421E7A50C500357D9F /* AppDelegate.swift in Sources */ = {isa = PBXBuildFile; fileRef = 67117C411E7A50C500357D9F /* AppDelegate.swift */; };
		67117C441E7A50C500357D9F /* ViewController.swift in Sources */ = {isa = PBXBuildFile; fileRef = 67117C431E7A50C500357D9F /* ViewController.swift */; };
		67117C471E7A50C500357D9F /* Main.storyboard in Resources */ = {isa = PBXBuildFile; fileRef = 67117C451E7A50C500357D9F /* Main.storyboard */; };
		67117C491E7A50C500357D9F /* Assets.xcassets in Resources */ = {isa = PBXBuildFile; fileRef = 67117C481E7A50C500357D9F /* Assets.xcassets */; };
		67117C4C1E7A50C500357D9F /* LaunchScreen.storyboard in Resources */ = {isa = PBXBuildFile; fileRef = 67117C4A1E7A50C500357D9F /* LaunchScreen.storyboard */; };
		67117C571E7A50C500357D9F /* ITRITainenHelperTests.swift in Sources */ = {isa = PBXBuildFile; fileRef = 67117C561E7A50C500357D9F /* ITRITainenHelperTests.swift */; };
		67117C621E7A50C500357D9F /* ITRITainenHelperUITests.swift in Sources */ = {isa = PBXBuildFile; fileRef = 67117C611E7A50C500357D9F /* ITRITainenHelperUITests.swift */; };
		67250A161E866D1000F824DD /* Localizable.strings in Resources */ = {isa = PBXBuildFile; fileRef = 67250A181E866D1000F824DD /* Localizable.strings */; };
		67250A1C1E8670EF00F824DD /* StringExtension.swift in Sources */ = {isa = PBXBuildFile; fileRef = 67250A1B1E8670EF00F824DD /* StringExtension.swift */; };
		67250A211E867AFF00F824DD /* MainCollectionViewCell.swift in Sources */ = {isa = PBXBuildFile; fileRef = 67250A201E867AFF00F824DD /* MainCollectionViewCell.swift */; };
		67250A241E867E1D00F824DD /* Message.storyboard in Resources */ = {isa = PBXBuildFile; fileRef = 67250A231E867E1D00F824DD /* Message.storyboard */; };
		67250A271E867E3800F824DD /* Activity.storyboard in Resources */ = {isa = PBXBuildFile; fileRef = 67250A261E867E3800F824DD /* Activity.storyboard */; };
		67250A2A1E867E4B00F824DD /* Service.storyboard in Resources */ = {isa = PBXBuildFile; fileRef = 67250A291E867E4B00F824DD /* Service.storyboard */; };
		67250A2D1E867E5A00F824DD /* Navigation.storyboard in Resources */ = {isa = PBXBuildFile; fileRef = 67250A2C1E867E5A00F824DD /* Navigation.storyboard */; };
		67250A331E867E8100F824DD /* Apps.storyboard in Resources */ = {isa = PBXBuildFile; fileRef = 67250A321E867E8100F824DD /* Apps.storyboard */; };
		6735317B1EACED5D00F2E20B /* DatabaseTester.swift in Sources */ = {isa = PBXBuildFile; fileRef = 6735317A1EACED5D00F2E20B /* DatabaseTester.swift */; };
		673868DA1E9F2A4000C4823B /* MainPageViewController.swift in Sources */ = {isa = PBXBuildFile; fileRef = 673868D91E9F2A4000C4823B /* MainPageViewController.swift */; };
		673F102F1E95E9D000499F16 /* DBCol.swift in Sources */ = {isa = PBXBuildFile; fileRef = 673F102E1E95E9D000499F16 /* DBCol.swift */; };
		6740090B1ECB7E3D00A54894 /* tainan3.sqlite in Resources */ = {isa = PBXBuildFile; fileRef = 6740090A1ECB7E3D00A54894 /* tainan3.sqlite */; };
		6740EC0D1EA84A89000879A3 /* AdministrativeUnit.swift in Sources */ = {isa = PBXBuildFile; fileRef = 6740EC0C1EA84A89000879A3 /* AdministrativeUnit.swift */; };
		6740EC0F1EA85233000879A3 /* AdministrativeUnitCategory.swift in Sources */ = {isa = PBXBuildFile; fileRef = 6740EC0E1EA85233000879A3 /* AdministrativeUnitCategory.swift */; };
		6740EC111EA85785000879A3 /* AdministrativeUnitInCategory.swift in Sources */ = {isa = PBXBuildFile; fileRef = 6740EC101EA85785000879A3 /* AdministrativeUnitInCategory.swift */; };
		6740EC131EA8594C000879A3 /* Edm.swift in Sources */ = {isa = PBXBuildFile; fileRef = 6740EC121EA8594C000879A3 /* Edm.swift */; };
		6740EC151EA85CE7000879A3 /* HotItem.swift in Sources */ = {isa = PBXBuildFile; fileRef = 6740EC141EA85CE7000879A3 /* HotItem.swift */; };
		6740EC171EA85EA2000879A3 /* InKeywords.swift in Sources */ = {isa = PBXBuildFile; fileRef = 6740EC161EA85EA2000879A3 /* InKeywords.swift */; };
		6740EC191EA8612F000879A3 /* InstructionItem.swift in Sources */ = {isa = PBXBuildFile; fileRef = 6740EC181EA8612F000879A3 /* InstructionItem.swift */; };
		6740EC1B1EA86231000879A3 /* Keyword.swift in Sources */ = {isa = PBXBuildFile; fileRef = 6740EC1A1EA86231000879A3 /* Keyword.swift */; };
		6740EC1D1EA86484000879A3 /* MappingKeyword.swift in Sources */ = {isa = PBXBuildFile; fileRef = 6740EC1C1EA86484000879A3 /* MappingKeyword.swift */; };
		6740EC1F1EA8666D000879A3 /* MobileApps.swift in Sources */ = {isa = PBXBuildFile; fileRef = 6740EC1E1EA8666D000879A3 /* MobileApps.swift */; };
		6740EC211EA8681A000879A3 /* SQLiteSequence.swift in Sources */ = {isa = PBXBuildFile; fileRef = 6740EC201EA8681A000879A3 /* SQLiteSequence.swift */; };
		6740EC231EA89C70000879A3 /* NavigationDetailTableViewController.swift in Sources */ = {isa = PBXBuildFile; fileRef = 6740EC221EA89C70000879A3 /* NavigationDetailTableViewController.swift */; };
		6740EC251EA89CA7000879A3 /* NavigationDetailTableViewCell.swift in Sources */ = {isa = PBXBuildFile; fileRef = 6740EC241EA89CA7000879A3 /* NavigationDetailTableViewCell.swift */; };
		674B5A451ECB620E0055C828 /* DBColExpressions.swift in Sources */ = {isa = PBXBuildFile; fileRef = 674B5A441ECB620E0055C828 /* DBColExpressions.swift */; };
		6756BB471E955419002D9B96 /* DatabaseHelper.swift in Sources */ = {isa = PBXBuildFile; fileRef = 6756BB461E955419002D9B96 /* DatabaseHelper.swift */; };
		6756BB491E9554BB002D9B96 /* APIConstants.swift in Sources */ = {isa = PBXBuildFile; fileRef = 6756BB481E9554BB002D9B96 /* APIConstants.swift */; };
		67575DD51EC4B98F00CA1DBC /* TainanAdminUnit.swift in Sources */ = {isa = PBXBuildFile; fileRef = 67575DD41EC4B98F00CA1DBC /* TainanAdminUnit.swift */; };
		6788C25A1E837FC90089EC2D /* Macros.swift in Sources */ = {isa = PBXBuildFile; fileRef = 6788C2591E837FC90089EC2D /* Macros.swift */; };
		67BB5A861E82D23300D344BC /* CustomSearchBar.swift in Sources */ = {isa = PBXBuildFile; fileRef = 67BB5A851E82D23300D344BC /* CustomSearchBar.swift */; };
		67E81DD51E898B370005CE40 /* ServiceResultViewController.swift in Sources */ = {isa = PBXBuildFile; fileRef = 67E81DD41E898B370005CE40 /* ServiceResultViewController.swift */; };
		67FA180F1E87C0FD0017DF11 /* AppsViewController.swift in Sources */ = {isa = PBXBuildFile; fileRef = 67FA180E1E87C0FD0017DF11 /* AppsViewController.swift */; };
		67FA18111E87C18A0017DF11 /* TemplateViewController.swift in Sources */ = {isa = PBXBuildFile; fileRef = 67FA18101E87C18A0017DF11 /* TemplateViewController.swift */; };
		67FA18151E87C9220017DF11 /* NavigationViewController.swift in Sources */ = {isa = PBXBuildFile; fileRef = 67FA18141E87C9220017DF11 /* NavigationViewController.swift */; };
		67FA18171E87C93D0017DF11 /* ServiceViewController.swift in Sources */ = {isa = PBXBuildFile; fileRef = 67FA18161E87C93D0017DF11 /* ServiceViewController.swift */; };
		67FA18191E87C9580017DF11 /* ActivityViewController.swift in Sources */ = {isa = PBXBuildFile; fileRef = 67FA18181E87C9580017DF11 /* ActivityViewController.swift */; };
		67FA181B1E87C9780017DF11 /* MessageViewController.swift in Sources */ = {isa = PBXBuildFile; fileRef = 67FA181A1E87C9780017DF11 /* MessageViewController.swift */; };
/* End PBXBuildFile section */

/* Begin PBXContainerItemProxy section */
		67117C531E7A50C500357D9F /* PBXContainerItemProxy */ = {
			isa = PBXContainerItemProxy;
			containerPortal = 67117C361E7A50C500357D9F /* Project object */;
			proxyType = 1;
			remoteGlobalIDString = 67117C3D1E7A50C500357D9F;
			remoteInfo = ITRITainenHelper;
		};
		67117C5E1E7A50C500357D9F /* PBXContainerItemProxy */ = {
			isa = PBXContainerItemProxy;
			containerPortal = 67117C361E7A50C500357D9F /* Project object */;
			proxyType = 1;
			remoteGlobalIDString = 67117C3D1E7A50C500357D9F;
			remoteInfo = ITRITainenHelper;
		};
/* End PBXContainerItemProxy section */

/* Begin PBXFileReference section */
		5F785BA31EBCE8EC00FD8052 /* AppCell.swift */ = {isa = PBXFileReference; fileEncoding = 4; lastKnownFileType = sourcecode.swift; path = AppCell.swift; sourceTree = "<group>"; };
		5F785BA51EC2B3A700FD8052 /* NewsCell.swift */ = {isa = PBXFileReference; fileEncoding = 4; lastKnownFileType = sourcecode.swift; path = NewsCell.swift; sourceTree = "<group>"; };
		5F785BA71EC2B53700FD8052 /* RSSFormat.swift */ = {isa = PBXFileReference; fileEncoding = 4; lastKnownFileType = sourcecode.swift; path = RSSFormat.swift; sourceTree = "<group>"; };
		5F785BA91EC2B57500FD8052 /* NewsDetailViewController.swift */ = {isa = PBXFileReference; fileEncoding = 4; lastKnownFileType = sourcecode.swift; path = NewsDetailViewController.swift; sourceTree = "<group>"; };
		5F785BAE1EC4585D00FD8052 /* NewViewController.swift */ = {isa = PBXFileReference; fileEncoding = 4; lastKnownFileType = sourcecode.swift; path = NewViewController.swift; sourceTree = "<group>"; };
		5F785BB01EC458CA00FD8052 /* ActivityCell.swift */ = {isa = PBXFileReference; fileEncoding = 4; lastKnownFileType = sourcecode.swift; path = ActivityCell.swift; sourceTree = "<group>"; };
		5F785BB41EC4649A00FD8052 /* ActivityRSSFormat.swift */ = {isa = PBXFileReference; fileEncoding = 4; lastKnownFileType = sourcecode.swift; path = ActivityRSSFormat.swift; sourceTree = "<group>"; };
		5F785BC01EC54DCD00FD8052 /* Bathroomcell.swift */ = {isa = PBXFileReference; fileEncoding = 4; lastKnownFileType = sourcecode.swift; path = Bathroomcell.swift; sourceTree = "<group>"; };
		5F785BC11EC54DCD00FD8052 /* BathroomViewViewController.swift */ = {isa = PBXFileReference; fileEncoding = 4; lastKnownFileType = sourcecode.swift; path = BathroomViewViewController.swift; sourceTree = "<group>"; };
		5F785BC21EC54DCD00FD8052 /* DrinkTableViewController.swift */ = {isa = PBXFileReference; fileEncoding = 4; lastKnownFileType = sourcecode.swift; path = DrinkTableViewController.swift; sourceTree = "<group>"; };
		5F785BC31EC54DCD00FD8052 /* DrinkViewController.swift */ = {isa = PBXFileReference; fileEncoding = 4; lastKnownFileType = sourcecode.swift; path = DrinkViewController.swift; sourceTree = "<group>"; };
		5F785BC81EC5F3E700FD8052 /* Facility.storyboard */ = {isa = PBXFileReference; fileEncoding = 4; lastKnownFileType = file.storyboard; path = Facility.storyboard; sourceTree = "<group>"; };
		5F785BC91EC5F3E700FD8052 /* FacilityViewController.swift */ = {isa = PBXFileReference; fileEncoding = 4; lastKnownFileType = sourcecode.swift; path = FacilityViewController.swift; sourceTree = "<group>"; };
		67117C3E1E7A50C500357D9F /* ITRITainenHelper.app */ = {isa = PBXFileReference; explicitFileType = wrapper.application; includeInIndex = 0; path = ITRITainenHelper.app; sourceTree = BUILT_PRODUCTS_DIR; };
		67117C411E7A50C500357D9F /* AppDelegate.swift */ = {isa = PBXFileReference; lastKnownFileType = sourcecode.swift; path = AppDelegate.swift; sourceTree = "<group>"; };
		67117C431E7A50C500357D9F /* ViewController.swift */ = {isa = PBXFileReference; lastKnownFileType = sourcecode.swift; path = ViewController.swift; sourceTree = "<group>"; };
		67117C461E7A50C500357D9F /* Base */ = {isa = PBXFileReference; lastKnownFileType = file.storyboard; name = Base; path = Base.lproj/Main.storyboard; sourceTree = "<group>"; };
		67117C481E7A50C500357D9F /* Assets.xcassets */ = {isa = PBXFileReference; lastKnownFileType = folder.assetcatalog; path = Assets.xcassets; sourceTree = "<group>"; };
		67117C4B1E7A50C500357D9F /* Base */ = {isa = PBXFileReference; lastKnownFileType = file.storyboard; name = Base; path = Base.lproj/LaunchScreen.storyboard; sourceTree = "<group>"; };
		67117C4D1E7A50C500357D9F /* Info.plist */ = {isa = PBXFileReference; lastKnownFileType = text.plist.xml; path = Info.plist; sourceTree = "<group>"; };
		67117C521E7A50C500357D9F /* ITRITainenHelperTests.xctest */ = {isa = PBXFileReference; explicitFileType = wrapper.cfbundle; includeInIndex = 0; path = ITRITainenHelperTests.xctest; sourceTree = BUILT_PRODUCTS_DIR; };
		67117C561E7A50C500357D9F /* ITRITainenHelperTests.swift */ = {isa = PBXFileReference; lastKnownFileType = sourcecode.swift; path = ITRITainenHelperTests.swift; sourceTree = "<group>"; };
		67117C581E7A50C500357D9F /* Info.plist */ = {isa = PBXFileReference; lastKnownFileType = text.plist.xml; path = Info.plist; sourceTree = "<group>"; };
		67117C5D1E7A50C500357D9F /* ITRITainenHelperUITests.xctest */ = {isa = PBXFileReference; explicitFileType = wrapper.cfbundle; includeInIndex = 0; path = ITRITainenHelperUITests.xctest; sourceTree = BUILT_PRODUCTS_DIR; };
		67117C611E7A50C500357D9F /* ITRITainenHelperUITests.swift */ = {isa = PBXFileReference; lastKnownFileType = sourcecode.swift; path = ITRITainenHelperUITests.swift; sourceTree = "<group>"; };
		67117C631E7A50C500357D9F /* Info.plist */ = {isa = PBXFileReference; lastKnownFileType = text.plist.xml; path = Info.plist; sourceTree = "<group>"; };
		67250A091E866C4800F824DD /* zh-Hant */ = {isa = PBXFileReference; lastKnownFileType = text.plist.strings; name = "zh-Hant"; path = "zh-Hant.lproj/LaunchScreen.strings"; sourceTree = "<group>"; };
		67250A171E866D1000F824DD /* Base */ = {isa = PBXFileReference; lastKnownFileType = text.plist.strings; name = Base; path = Base.lproj/Localizable.strings; sourceTree = "<group>"; };
		67250A191E866D4400F824DD /* en */ = {isa = PBXFileReference; lastKnownFileType = text.plist.strings; name = en; path = en.lproj/Localizable.strings; sourceTree = "<group>"; };
		67250A1A1E866D4500F824DD /* zh-Hant */ = {isa = PBXFileReference; lastKnownFileType = text.plist.strings; name = "zh-Hant"; path = "zh-Hant.lproj/Localizable.strings"; sourceTree = "<group>"; };
		67250A1B1E8670EF00F824DD /* StringExtension.swift */ = {isa = PBXFileReference; fileEncoding = 4; lastKnownFileType = sourcecode.swift; path = StringExtension.swift; sourceTree = "<group>"; };
		67250A201E867AFF00F824DD /* MainCollectionViewCell.swift */ = {isa = PBXFileReference; fileEncoding = 4; lastKnownFileType = sourcecode.swift; path = MainCollectionViewCell.swift; sourceTree = "<group>"; };
		67250A231E867E1D00F824DD /* Message.storyboard */ = {isa = PBXFileReference; fileEncoding = 4; lastKnownFileType = file.storyboard; path = Message.storyboard; sourceTree = "<group>"; };
		67250A261E867E3800F824DD /* Activity.storyboard */ = {isa = PBXFileReference; fileEncoding = 4; lastKnownFileType = file.storyboard; path = Activity.storyboard; sourceTree = "<group>"; };
		67250A291E867E4B00F824DD /* Service.storyboard */ = {isa = PBXFileReference; fileEncoding = 4; lastKnownFileType = file.storyboard; path = Service.storyboard; sourceTree = "<group>"; };
		67250A2C1E867E5A00F824DD /* Navigation.storyboard */ = {isa = PBXFileReference; fileEncoding = 4; lastKnownFileType = file.storyboard; path = Navigation.storyboard; sourceTree = "<group>"; };
		67250A321E867E8100F824DD /* Apps.storyboard */ = {isa = PBXFileReference; fileEncoding = 4; lastKnownFileType = file.storyboard; path = Apps.storyboard; sourceTree = "<group>"; };
		6735317A1EACED5D00F2E20B /* DatabaseTester.swift */ = {isa = PBXFileReference; fileEncoding = 4; lastKnownFileType = sourcecode.swift; path = DatabaseTester.swift; sourceTree = "<group>"; };
		673868D91E9F2A4000C4823B /* MainPageViewController.swift */ = {isa = PBXFileReference; fileEncoding = 4; lastKnownFileType = sourcecode.swift; path = MainPageViewController.swift; sourceTree = "<group>"; };
		673F102E1E95E9D000499F16 /* DBCol.swift */ = {isa = PBXFileReference; fileEncoding = 4; lastKnownFileType = sourcecode.swift; path = DBCol.swift; sourceTree = "<group>"; };
		6740090A1ECB7E3D00A54894 /* tainan3.sqlite */ = {isa = PBXFileReference; lastKnownFileType = file; path = tainan3.sqlite; sourceTree = "<group>"; };
		6740EC0C1EA84A89000879A3 /* AdministrativeUnit.swift */ = {isa = PBXFileReference; fileEncoding = 4; lastKnownFileType = sourcecode.swift; path = AdministrativeUnit.swift; sourceTree = "<group>"; };
		6740EC0E1EA85233000879A3 /* AdministrativeUnitCategory.swift */ = {isa = PBXFileReference; fileEncoding = 4; lastKnownFileType = sourcecode.swift; path = AdministrativeUnitCategory.swift; sourceTree = "<group>"; };
		6740EC101EA85785000879A3 /* AdministrativeUnitInCategory.swift */ = {isa = PBXFileReference; fileEncoding = 4; lastKnownFileType = sourcecode.swift; path = AdministrativeUnitInCategory.swift; sourceTree = "<group>"; };
		6740EC121EA8594C000879A3 /* Edm.swift */ = {isa = PBXFileReference; fileEncoding = 4; lastKnownFileType = sourcecode.swift; path = Edm.swift; sourceTree = "<group>"; };
		6740EC141EA85CE7000879A3 /* HotItem.swift */ = {isa = PBXFileReference; fileEncoding = 4; lastKnownFileType = sourcecode.swift; path = HotItem.swift; sourceTree = "<group>"; };
		6740EC161EA85EA2000879A3 /* InKeywords.swift */ = {isa = PBXFileReference; fileEncoding = 4; lastKnownFileType = sourcecode.swift; path = InKeywords.swift; sourceTree = "<group>"; };
		6740EC181EA8612F000879A3 /* InstructionItem.swift */ = {isa = PBXFileReference; fileEncoding = 4; lastKnownFileType = sourcecode.swift; path = InstructionItem.swift; sourceTree = "<group>"; };
		6740EC1A1EA86231000879A3 /* Keyword.swift */ = {isa = PBXFileReference; fileEncoding = 4; lastKnownFileType = sourcecode.swift; path = Keyword.swift; sourceTree = "<group>"; };
		6740EC1C1EA86484000879A3 /* MappingKeyword.swift */ = {isa = PBXFileReference; fileEncoding = 4; lastKnownFileType = sourcecode.swift; path = MappingKeyword.swift; sourceTree = "<group>"; };
		6740EC1E1EA8666D000879A3 /* MobileApps.swift */ = {isa = PBXFileReference; fileEncoding = 4; lastKnownFileType = sourcecode.swift; path = MobileApps.swift; sourceTree = "<group>"; };
		6740EC201EA8681A000879A3 /* SQLiteSequence.swift */ = {isa = PBXFileReference; fileEncoding = 4; lastKnownFileType = sourcecode.swift; path = SQLiteSequence.swift; sourceTree = "<group>"; };
		6740EC221EA89C70000879A3 /* NavigationDetailTableViewController.swift */ = {isa = PBXFileReference; fileEncoding = 4; lastKnownFileType = sourcecode.swift; path = NavigationDetailTableViewController.swift; sourceTree = "<group>"; };
		6740EC241EA89CA7000879A3 /* NavigationDetailTableViewCell.swift */ = {isa = PBXFileReference; fileEncoding = 4; lastKnownFileType = sourcecode.swift; path = NavigationDetailTableViewCell.swift; sourceTree = "<group>"; };
		674B5A441ECB620E0055C828 /* DBColExpressions.swift */ = {isa = PBXFileReference; fileEncoding = 4; lastKnownFileType = sourcecode.swift; path = DBColExpressions.swift; sourceTree = "<group>"; };
		6756BB461E955419002D9B96 /* DatabaseHelper.swift */ = {isa = PBXFileReference; fileEncoding = 4; lastKnownFileType = sourcecode.swift; path = DatabaseHelper.swift; sourceTree = "<group>"; };
		6756BB481E9554BB002D9B96 /* APIConstants.swift */ = {isa = PBXFileReference; fileEncoding = 4; lastKnownFileType = sourcecode.swift; path = APIConstants.swift; sourceTree = "<group>"; };
		67575DD41EC4B98F00CA1DBC /* TainanAdminUnit.swift */ = {isa = PBXFileReference; fileEncoding = 4; lastKnownFileType = sourcecode.swift; path = TainanAdminUnit.swift; sourceTree = "<group>"; };
		6788C2591E837FC90089EC2D /* Macros.swift */ = {isa = PBXFileReference; fileEncoding = 4; lastKnownFileType = sourcecode.swift; path = Macros.swift; sourceTree = "<group>"; };
		67998FA11EABBE9100311345 /* MacroDefinition.h */ = {isa = PBXFileReference; fileEncoding = 4; lastKnownFileType = sourcecode.c.h; path = MacroDefinition.h; sourceTree = "<group>"; };
		67BB5A851E82D23300D344BC /* CustomSearchBar.swift */ = {isa = PBXFileReference; fileEncoding = 4; lastKnownFileType = sourcecode.swift; path = CustomSearchBar.swift; sourceTree = "<group>"; };
		67E81DD41E898B370005CE40 /* ServiceResultViewController.swift */ = {isa = PBXFileReference; fileEncoding = 4; lastKnownFileType = sourcecode.swift; path = ServiceResultViewController.swift; sourceTree = "<group>"; };
		67FA180E1E87C0FD0017DF11 /* AppsViewController.swift */ = {isa = PBXFileReference; fileEncoding = 4; lastKnownFileType = sourcecode.swift; path = AppsViewController.swift; sourceTree = "<group>"; };
		67FA18101E87C18A0017DF11 /* TemplateViewController.swift */ = {isa = PBXFileReference; fileEncoding = 4; lastKnownFileType = sourcecode.swift; path = TemplateViewController.swift; sourceTree = "<group>"; };
		67FA18141E87C9220017DF11 /* NavigationViewController.swift */ = {isa = PBXFileReference; fileEncoding = 4; lastKnownFileType = sourcecode.swift; path = NavigationViewController.swift; sourceTree = "<group>"; };
		67FA18161E87C93D0017DF11 /* ServiceViewController.swift */ = {isa = PBXFileReference; fileEncoding = 4; lastKnownFileType = sourcecode.swift; path = ServiceViewController.swift; sourceTree = "<group>"; };
		67FA18181E87C9580017DF11 /* ActivityViewController.swift */ = {isa = PBXFileReference; fileEncoding = 4; lastKnownFileType = sourcecode.swift; path = ActivityViewController.swift; sourceTree = "<group>"; };
		67FA181A1E87C9780017DF11 /* MessageViewController.swift */ = {isa = PBXFileReference; fileEncoding = 4; lastKnownFileType = sourcecode.swift; path = MessageViewController.swift; sourceTree = "<group>"; };
		770B123BA99BAFAF4E20AA21 /* Pods-ITRITainenHelper.debug.xcconfig */ = {isa = PBXFileReference; includeInIndex = 1; lastKnownFileType = text.xcconfig; name = "Pods-ITRITainenHelper.debug.xcconfig"; path = "../Pods/Target Support Files/Pods-ITRITainenHelper/Pods-ITRITainenHelper.debug.xcconfig"; sourceTree = "<group>"; };
		8875017D01ADB2C4A1117FC1 /* Pods_ITRITainenHelper.framework */ = {isa = PBXFileReference; explicitFileType = wrapper.framework; includeInIndex = 0; path = Pods_ITRITainenHelper.framework; sourceTree = BUILT_PRODUCTS_DIR; };
		F29D885B1DE2474646A5D98E /* Pods-ITRITainenHelper.release.xcconfig */ = {isa = PBXFileReference; includeInIndex = 1; lastKnownFileType = text.xcconfig; name = "Pods-ITRITainenHelper.release.xcconfig"; path = "../Pods/Target Support Files/Pods-ITRITainenHelper/Pods-ITRITainenHelper.release.xcconfig"; sourceTree = "<group>"; };
/* End PBXFileReference section */

/* Begin PBXFrameworksBuildPhase section */
		67117C3B1E7A50C500357D9F /* Frameworks */ = {
			isa = PBXFrameworksBuildPhase;
			buildActionMask = 2147483647;
			files = (
				5F785BAB1EC3394300FD8052 /* Pods_ITRITainenHelper.framework in Frameworks */,
			);
			runOnlyForDeploymentPostprocessing = 0;
		};
		67117C4F1E7A50C500357D9F /* Frameworks */ = {
			isa = PBXFrameworksBuildPhase;
			buildActionMask = 2147483647;
			files = (
			);
			runOnlyForDeploymentPostprocessing = 0;
		};
		67117C5A1E7A50C500357D9F /* Frameworks */ = {
			isa = PBXFrameworksBuildPhase;
			buildActionMask = 2147483647;
			files = (
			);
			runOnlyForDeploymentPostprocessing = 0;
		};
/* End PBXFrameworksBuildPhase section */

/* Begin PBXGroup section */
		17A68C0FA56458BE76BA0047 /* Pods */ = {
			isa = PBXGroup;
			children = (
				770B123BA99BAFAF4E20AA21 /* Pods-ITRITainenHelper.debug.xcconfig */,
				F29D885B1DE2474646A5D98E /* Pods-ITRITainenHelper.release.xcconfig */,
			);
			name = Pods;
			sourceTree = "<group>";
		};
		67117C351E7A50C500357D9F = {
			isa = PBXGroup;
			children = (
				67998FA11EABBE9100311345 /* MacroDefinition.h */,
				673868D81E9F2A1900C4823B /* MainPageView */,
				67117C401E7A50C500357D9F /* ITRITainenHelper */,
				67117C551E7A50C500357D9F /* ITRITainenHelperTests */,
				67117C601E7A50C500357D9F /* ITRITainenHelperUITests */,
				67117C3F1E7A50C500357D9F /* Products */,
				17A68C0FA56458BE76BA0047 /* Pods */,
				E93056E342CFC4AFDB4EF973 /* Frameworks */,
			);
			sourceTree = "<group>";
		};
		67117C3F1E7A50C500357D9F /* Products */ = {
			isa = PBXGroup;
			children = (
				67117C3E1E7A50C500357D9F /* ITRITainenHelper.app */,
				67117C521E7A50C500357D9F /* ITRITainenHelperTests.xctest */,
				67117C5D1E7A50C500357D9F /* ITRITainenHelperUITests.xctest */,
			);
			name = Products;
			sourceTree = "<group>";
		};
		67117C401E7A50C500357D9F /* ITRITainenHelper */ = {
			isa = PBXGroup;
			children = (
				6740090A1ECB7E3D00A54894 /* tainan3.sqlite */,
				67575DD31EC4B97B00CA1DBC /* TainanData */,
				6756BB451E9553FE002D9B96 /* Database */,
				67250A311E867E7500F824DD /* Apps */,
				67250A2E1E867E5E00F824DD /* Facility */,
				67250A2B1E867E5000F824DD /* Navigation */,
				67250A281E867E3D00F824DD /* Service */,
				67250A251E867E2700F824DD /* Activity */,
				67250A221E867E0F00F824DD /* Message */,
				67250A1F1E867AE800F824DD /* CustomObjects */,
				67250A071E866B5E00F824DD /* Localized */,
				6788C2571E837EB70089EC2D /* MACROS */,
				67BB5A841E82D10F00D344BC /* CustomView */,
				67117C411E7A50C500357D9F /* AppDelegate.swift */,
				67117C431E7A50C500357D9F /* ViewController.swift */,
				67117C451E7A50C500357D9F /* Main.storyboard */,
				67117C481E7A50C500357D9F /* Assets.xcassets */,
				67117C4A1E7A50C500357D9F /* LaunchScreen.storyboard */,
				67117C4D1E7A50C500357D9F /* Info.plist */,
			);
			path = ITRITainenHelper;
			sourceTree = "<group>";
		};
		67117C551E7A50C500357D9F /* ITRITainenHelperTests */ = {
			isa = PBXGroup;
			children = (
				67117C561E7A50C500357D9F /* ITRITainenHelperTests.swift */,
				67117C581E7A50C500357D9F /* Info.plist */,
			);
			path = ITRITainenHelperTests;
			sourceTree = "<group>";
		};
		67117C601E7A50C500357D9F /* ITRITainenHelperUITests */ = {
			isa = PBXGroup;
			children = (
				67117C611E7A50C500357D9F /* ITRITainenHelperUITests.swift */,
				67117C631E7A50C500357D9F /* Info.plist */,
			);
			path = ITRITainenHelperUITests;
			sourceTree = "<group>";
		};
		67250A071E866B5E00F824DD /* Localized */ = {
			isa = PBXGroup;
			children = (
				67250A181E866D1000F824DD /* Localizable.strings */,
				67250A1B1E8670EF00F824DD /* StringExtension.swift */,
			);
			name = Localized;
			sourceTree = "<group>";
		};
		67250A1F1E867AE800F824DD /* CustomObjects */ = {
			isa = PBXGroup;
			children = (
				67250A201E867AFF00F824DD /* MainCollectionViewCell.swift */,
				67FA18101E87C18A0017DF11 /* TemplateViewController.swift */,
				6740EC0C1EA84A89000879A3 /* AdministrativeUnit.swift */,
				6740EC0E1EA85233000879A3 /* AdministrativeUnitCategory.swift */,
				6740EC101EA85785000879A3 /* AdministrativeUnitInCategory.swift */,
				6740EC121EA8594C000879A3 /* Edm.swift */,
				6740EC141EA85CE7000879A3 /* HotItem.swift */,
				6740EC161EA85EA2000879A3 /* InKeywords.swift */,
				6740EC181EA8612F000879A3 /* InstructionItem.swift */,
				6740EC1A1EA86231000879A3 /* Keyword.swift */,
				6740EC1C1EA86484000879A3 /* MappingKeyword.swift */,
				6740EC1E1EA8666D000879A3 /* MobileApps.swift */,
				6740EC201EA8681A000879A3 /* SQLiteSequence.swift */,
			);
			name = CustomObjects;
			sourceTree = "<group>";
		};
		67250A221E867E0F00F824DD /* Message */ = {
			isa = PBXGroup;
			children = (
				67250A231E867E1D00F824DD /* Message.storyboard */,
				67FA181A1E87C9780017DF11 /* MessageViewController.swift */,
				5F785BA51EC2B3A700FD8052 /* NewsCell.swift */,
				5F785BA71EC2B53700FD8052 /* RSSFormat.swift */,
				5F785BA91EC2B57500FD8052 /* NewsDetailViewController.swift */,
			);
			name = Message;
			sourceTree = "<group>";
		};
		67250A251E867E2700F824DD /* Activity */ = {
			isa = PBXGroup;
			children = (
				67250A261E867E3800F824DD /* Activity.storyboard */,
				67FA18181E87C9580017DF11 /* ActivityViewController.swift */,
				5F785BAE1EC4585D00FD8052 /* NewViewController.swift */,
				5F785BB01EC458CA00FD8052 /* ActivityCell.swift */,
				5F785BB41EC4649A00FD8052 /* ActivityRSSFormat.swift */,
			);
			name = Activity;
			sourceTree = "<group>";
		};
		67250A281E867E3D00F824DD /* Service */ = {
			isa = PBXGroup;
			children = (
				67250A291E867E4B00F824DD /* Service.storyboard */,
				67FA18161E87C93D0017DF11 /* ServiceViewController.swift */,
				67E81DD41E898B370005CE40 /* ServiceResultViewController.swift */,
			);
			name = Service;
			sourceTree = "<group>";
		};
		67250A2B1E867E5000F824DD /* Navigation */ = {
			isa = PBXGroup;
			children = (
				67250A2C1E867E5A00F824DD /* Navigation.storyboard */,
				67FA18141E87C9220017DF11 /* NavigationViewController.swift */,
				6740EC221EA89C70000879A3 /* NavigationDetailTableViewController.swift */,
				6740EC241EA89CA7000879A3 /* NavigationDetailTableViewCell.swift */,
			);
			name = Navigation;
			sourceTree = "<group>";
		};
		67250A2E1E867E5E00F824DD /* Facility */ = {
			isa = PBXGroup;
			children = (
				5F785BC01EC54DCD00FD8052 /* Bathroomcell.swift */,
				5F785BC81EC5F3E700FD8052 /* Facility.storyboard */,
				5F785BC91EC5F3E700FD8052 /* FacilityViewController.swift */,
				5F785BC11EC54DCD00FD8052 /* BathroomViewViewController.swift */,
				5F785BC21EC54DCD00FD8052 /* DrinkTableViewController.swift */,
				5F785BC31EC54DCD00FD8052 /* DrinkViewController.swift */,
			);
			name = Facility;
			sourceTree = "<group>";
		};
		67250A311E867E7500F824DD /* Apps */ = {
			isa = PBXGroup;
			children = (
				67250A321E867E8100F824DD /* Apps.storyboard */,
				67FA180E1E87C0FD0017DF11 /* AppsViewController.swift */,
				5F785BA31EBCE8EC00FD8052 /* AppCell.swift */,
			);
			name = Apps;
			sourceTree = "<group>";
		};
		673868D81E9F2A1900C4823B /* MainPageView */ = {
			isa = PBXGroup;
			children = (
				673868D91E9F2A4000C4823B /* MainPageViewController.swift */,
			);
			name = MainPageView;
			sourceTree = "<group>";
		};
		6756BB451E9553FE002D9B96 /* Database */ = {
			isa = PBXGroup;
			children = (
				6756BB461E955419002D9B96 /* DatabaseHelper.swift */,
				673F102E1E95E9D000499F16 /* DBCol.swift */,
				6735317A1EACED5D00F2E20B /* DatabaseTester.swift */,
				674B5A441ECB620E0055C828 /* DBColExpressions.swift */,
			);
			name = Database;
			sourceTree = "<group>";
		};
		67575DD31EC4B97B00CA1DBC /* TainanData */ = {
			isa = PBXGroup;
			children = (
				67575DD41EC4B98F00CA1DBC /* TainanAdminUnit.swift */,
			);
			name = TainanData;
			sourceTree = "<group>";
		};
		6788C2571E837EB70089EC2D /* MACROS */ = {
			isa = PBXGroup;
			children = (
				6788C2591E837FC90089EC2D /* Macros.swift */,
				6756BB481E9554BB002D9B96 /* APIConstants.swift */,
			);
			name = MACROS;
			sourceTree = "<group>";
		};
		67BB5A841E82D10F00D344BC /* CustomView */ = {
			isa = PBXGroup;
			children = (
				67BB5A851E82D23300D344BC /* CustomSearchBar.swift */,
			);
			name = CustomView;
			sourceTree = "<group>";
		};
		E93056E342CFC4AFDB4EF973 /* Frameworks */ = {
			isa = PBXGroup;
			children = (
				8875017D01ADB2C4A1117FC1 /* Pods_ITRITainenHelper.framework */,
			);
			name = Frameworks;
			sourceTree = "<group>";
		};
/* End PBXGroup section */

/* Begin PBXNativeTarget section */
		67117C3D1E7A50C500357D9F /* ITRITainenHelper */ = {
			isa = PBXNativeTarget;
			buildConfigurationList = 67117C661E7A50C500357D9F /* Build configuration list for PBXNativeTarget "ITRITainenHelper" */;
			buildPhases = (
				0B4B8BFA79241D605D8214CA /* [CP] Check Pods Manifest.lock */,
				67117C3A1E7A50C500357D9F /* Sources */,
				67117C3B1E7A50C500357D9F /* Frameworks */,
				67117C3C1E7A50C500357D9F /* Resources */,
				5897AC1E1902B261D43B7CFE /* [CP] Embed Pods Frameworks */,
				37983679DA333250DE3361FE /* [CP] Copy Pods Resources */,
			);
			buildRules = (
			);
			dependencies = (
			);
			name = ITRITainenHelper;
			productName = ITRITainenHelper;
			productReference = 67117C3E1E7A50C500357D9F /* ITRITainenHelper.app */;
			productType = "com.apple.product-type.application";
		};
		67117C511E7A50C500357D9F /* ITRITainenHelperTests */ = {
			isa = PBXNativeTarget;
			buildConfigurationList = 67117C691E7A50C500357D9F /* Build configuration list for PBXNativeTarget "ITRITainenHelperTests" */;
			buildPhases = (
				67117C4E1E7A50C500357D9F /* Sources */,
				67117C4F1E7A50C500357D9F /* Frameworks */,
				67117C501E7A50C500357D9F /* Resources */,
			);
			buildRules = (
			);
			dependencies = (
				67117C541E7A50C500357D9F /* PBXTargetDependency */,
			);
			name = ITRITainenHelperTests;
			productName = ITRITainenHelperTests;
			productReference = 67117C521E7A50C500357D9F /* ITRITainenHelperTests.xctest */;
			productType = "com.apple.product-type.bundle.unit-test";
		};
		67117C5C1E7A50C500357D9F /* ITRITainenHelperUITests */ = {
			isa = PBXNativeTarget;
			buildConfigurationList = 67117C6C1E7A50C500357D9F /* Build configuration list for PBXNativeTarget "ITRITainenHelperUITests" */;
			buildPhases = (
				67117C591E7A50C500357D9F /* Sources */,
				67117C5A1E7A50C500357D9F /* Frameworks */,
				67117C5B1E7A50C500357D9F /* Resources */,
			);
			buildRules = (
			);
			dependencies = (
				67117C5F1E7A50C500357D9F /* PBXTargetDependency */,
			);
			name = ITRITainenHelperUITests;
			productName = ITRITainenHelperUITests;
			productReference = 67117C5D1E7A50C500357D9F /* ITRITainenHelperUITests.xctest */;
			productType = "com.apple.product-type.bundle.ui-testing";
		};
/* End PBXNativeTarget section */

/* Begin PBXProject section */
		67117C361E7A50C500357D9F /* Project object */ = {
			isa = PBXProject;
			attributes = {
				LastSwiftUpdateCheck = 0820;
				LastUpgradeCheck = 0830;
				ORGANIZATIONNAME = uscc;
				TargetAttributes = {
					67117C3D1E7A50C500357D9F = {
						CreatedOnToolsVersion = 8.2.1;
						DevelopmentTeam = 83VPNY26HX;
						ProvisioningStyle = Automatic;
					};
					67117C511E7A50C500357D9F = {
						CreatedOnToolsVersion = 8.2.1;
						DevelopmentTeam = SNDW4UT5VM;
						ProvisioningStyle = Automatic;
						TestTargetID = 67117C3D1E7A50C500357D9F;
					};
					67117C5C1E7A50C500357D9F = {
						CreatedOnToolsVersion = 8.2.1;
						DevelopmentTeam = SNDW4UT5VM;
						ProvisioningStyle = Automatic;
						TestTargetID = 67117C3D1E7A50C500357D9F;
					};
				};
			};
			buildConfigurationList = 67117C391E7A50C500357D9F /* Build configuration list for PBXProject "ITRITainenHelper" */;
			compatibilityVersion = "Xcode 3.2";
			developmentRegion = English;
			hasScannedForEncodings = 0;
			knownRegions = (
				en,
				Base,
				"zh-Hant",
			);
			mainGroup = 67117C351E7A50C500357D9F;
			productRefGroup = 67117C3F1E7A50C500357D9F /* Products */;
			projectDirPath = "";
			projectRoot = "";
			targets = (
				67117C3D1E7A50C500357D9F /* ITRITainenHelper */,
				67117C511E7A50C500357D9F /* ITRITainenHelperTests */,
				67117C5C1E7A50C500357D9F /* ITRITainenHelperUITests */,
			);
		};
/* End PBXProject section */

/* Begin PBXResourcesBuildPhase section */
		67117C3C1E7A50C500357D9F /* Resources */ = {
			isa = PBXResourcesBuildPhase;
			buildActionMask = 2147483647;
			files = (
				67117C4C1E7A50C500357D9F /* LaunchScreen.storyboard in Resources */,
				67250A271E867E3800F824DD /* Activity.storyboard in Resources */,
				67250A161E866D1000F824DD /* Localizable.strings in Resources */,
				5F785BCA1EC5F3E700FD8052 /* Facility.storyboard in Resources */,
				67250A241E867E1D00F824DD /* Message.storyboard in Resources */,
				67250A2D1E867E5A00F824DD /* Navigation.storyboard in Resources */,
				67117C491E7A50C500357D9F /* Assets.xcassets in Resources */,
				67117C471E7A50C500357D9F /* Main.storyboard in Resources */,
				67250A331E867E8100F824DD /* Apps.storyboard in Resources */,
				67250A2A1E867E4B00F824DD /* Service.storyboard in Resources */,
				6740090B1ECB7E3D00A54894 /* tainan3.sqlite in Resources */,
			);
			runOnlyForDeploymentPostprocessing = 0;
		};
		67117C501E7A50C500357D9F /* Resources */ = {
			isa = PBXResourcesBuildPhase;
			buildActionMask = 2147483647;
			files = (
			);
			runOnlyForDeploymentPostprocessing = 0;
		};
		67117C5B1E7A50C500357D9F /* Resources */ = {
			isa = PBXResourcesBuildPhase;
			buildActionMask = 2147483647;
			files = (
			);
			runOnlyForDeploymentPostprocessing = 0;
		};
/* End PBXResourcesBuildPhase section */

/* Begin PBXShellScriptBuildPhase section */
		0B4B8BFA79241D605D8214CA /* [CP] Check Pods Manifest.lock */ = {
			isa = PBXShellScriptBuildPhase;
			buildActionMask = 2147483647;
			files = (
			);
			inputPaths = (
			);
			name = "[CP] Check Pods Manifest.lock";
			outputPaths = (
			);
			runOnlyForDeploymentPostprocessing = 0;
			shellPath = /bin/sh;
			shellScript = "diff \"${PODS_ROOT}/../Podfile.lock\" \"${PODS_ROOT}/Manifest.lock\" > /dev/null\nif [ $? != 0 ] ; then\n    # print error to STDERR\n    echo \"error: The sandbox is not in sync with the Podfile.lock. Run 'pod install' or update your CocoaPods installation.\" >&2\n    exit 1\nfi\n";
			showEnvVarsInLog = 0;
		};
		37983679DA333250DE3361FE /* [CP] Copy Pods Resources */ = {
			isa = PBXShellScriptBuildPhase;
			buildActionMask = 2147483647;
			files = (
			);
			inputPaths = (
			);
			name = "[CP] Copy Pods Resources";
			outputPaths = (
			);
			runOnlyForDeploymentPostprocessing = 0;
			shellPath = /bin/sh;
			shellScript = "\"${SRCROOT}/../Pods/Target Support Files/Pods-ITRITainenHelper/Pods-ITRITainenHelper-resources.sh\"\n";
			showEnvVarsInLog = 0;
		};
		5897AC1E1902B261D43B7CFE /* [CP] Embed Pods Frameworks */ = {
			isa = PBXShellScriptBuildPhase;
			buildActionMask = 2147483647;
			files = (
			);
			inputPaths = (
			);
			name = "[CP] Embed Pods Frameworks";
			outputPaths = (
			);
			runOnlyForDeploymentPostprocessing = 0;
			shellPath = /bin/sh;
			shellScript = "\"${SRCROOT}/../Pods/Target Support Files/Pods-ITRITainenHelper/Pods-ITRITainenHelper-frameworks.sh\"\n";
		};
/* End PBXShellScriptBuildPhase section */

/* Begin PBXSourcesBuildPhase section */
		67117C3A1E7A50C500357D9F /* Sources */ = {
			isa = PBXSourcesBuildPhase;
			buildActionMask = 2147483647;
			files = (
				6788C25A1E837FC90089EC2D /* Macros.swift in Sources */,
				6740EC251EA89CA7000879A3 /* NavigationDetailTableViewCell.swift in Sources */,
				6740EC1B1EA86231000879A3 /* Keyword.swift in Sources */,
				5F785BB11EC458CA00FD8052 /* ActivityCell.swift in Sources */,
				6740EC211EA8681A000879A3 /* SQLiteSequence.swift in Sources */,
				5F785BC71EC54DCD00FD8052 /* DrinkViewController.swift in Sources */,
				5F785BB51EC4649A00FD8052 /* ActivityRSSFormat.swift in Sources */,
				6756BB471E955419002D9B96 /* DatabaseHelper.swift in Sources */,
				5F785BAF1EC4585D00FD8052 /* NewViewController.swift in Sources */,
				6740EC171EA85EA2000879A3 /* InKeywords.swift in Sources */,
				6740EC0F1EA85233000879A3 /* AdministrativeUnitCategory.swift in Sources */,
				6740EC0D1EA84A89000879A3 /* AdministrativeUnit.swift in Sources */,
				67FA181B1E87C9780017DF11 /* MessageViewController.swift in Sources */,
				6740EC111EA85785000879A3 /* AdministrativeUnitInCategory.swift in Sources */,
				67FA180F1E87C0FD0017DF11 /* AppsViewController.swift in Sources */,
				6756BB491E9554BB002D9B96 /* APIConstants.swift in Sources */,
				5F785BA61EC2B3A700FD8052 /* NewsCell.swift in Sources */,
				673F102F1E95E9D000499F16 /* DBCol.swift in Sources */,
				5F785BC41EC54DCD00FD8052 /* Bathroomcell.swift in Sources */,
				67FA18111E87C18A0017DF11 /* TemplateViewController.swift in Sources */,
				67250A211E867AFF00F824DD /* MainCollectionViewCell.swift in Sources */,
				6740EC231EA89C70000879A3 /* NavigationDetailTableViewController.swift in Sources */,
				67117C441E7A50C500357D9F /* ViewController.swift in Sources */,
				5F785BC61EC54DCD00FD8052 /* DrinkTableViewController.swift in Sources */,
				6740EC1D1EA86484000879A3 /* MappingKeyword.swift in Sources */,
				67250A1C1E8670EF00F824DD /* StringExtension.swift in Sources */,
				67FA18171E87C93D0017DF11 /* ServiceViewController.swift in Sources */,
				5F785BA41EBCE8EC00FD8052 /* AppCell.swift in Sources */,
				5F785BAA1EC2B57500FD8052 /* NewsDetailViewController.swift in Sources */,
				6740EC191EA8612F000879A3 /* InstructionItem.swift in Sources */,
				67FA18191E87C9580017DF11 /* ActivityViewController.swift in Sources */,
				67117C421E7A50C500357D9F /* AppDelegate.swift in Sources */,
				67FA18151E87C9220017DF11 /* NavigationViewController.swift in Sources */,
				6740EC151EA85CE7000879A3 /* HotItem.swift in Sources */,
				6740EC1F1EA8666D000879A3 /* MobileApps.swift in Sources */,
				6735317B1EACED5D00F2E20B /* DatabaseTester.swift in Sources */,
				67BB5A861E82D23300D344BC /* CustomSearchBar.swift in Sources */,
				5F785BA81EC2B53700FD8052 /* RSSFormat.swift in Sources */,
				673868DA1E9F2A4000C4823B /* MainPageViewController.swift in Sources */,
				5F785BCB1EC5F3E700FD8052 /* FacilityViewController.swift in Sources */,
				5F785BC51EC54DCD00FD8052 /* BathroomViewViewController.swift in Sources */,
				6740EC131EA8594C000879A3 /* Edm.swift in Sources */,
				674B5A451ECB620E0055C828 /* DBColExpressions.swift in Sources */,
				67E81DD51E898B370005CE40 /* ServiceResultViewController.swift in Sources */,
				67575DD51EC4B98F00CA1DBC /* TainanAdminUnit.swift in Sources */,
			);
			runOnlyForDeploymentPostprocessing = 0;
		};
		67117C4E1E7A50C500357D9F /* Sources */ = {
			isa = PBXSourcesBuildPhase;
			buildActionMask = 2147483647;
			files = (
				67117C571E7A50C500357D9F /* ITRITainenHelperTests.swift in Sources */,
			);
			runOnlyForDeploymentPostprocessing = 0;
		};
		67117C591E7A50C500357D9F /* Sources */ = {
			isa = PBXSourcesBuildPhase;
			buildActionMask = 2147483647;
			files = (
				67117C621E7A50C500357D9F /* ITRITainenHelperUITests.swift in Sources */,
			);
			runOnlyForDeploymentPostprocessing = 0;
		};
/* End PBXSourcesBuildPhase section */

/* Begin PBXTargetDependency section */
		67117C541E7A50C500357D9F /* PBXTargetDependency */ = {
			isa = PBXTargetDependency;
			target = 67117C3D1E7A50C500357D9F /* ITRITainenHelper */;
			targetProxy = 67117C531E7A50C500357D9F /* PBXContainerItemProxy */;
		};
		67117C5F1E7A50C500357D9F /* PBXTargetDependency */ = {
			isa = PBXTargetDependency;
			target = 67117C3D1E7A50C500357D9F /* ITRITainenHelper */;
			targetProxy = 67117C5E1E7A50C500357D9F /* PBXContainerItemProxy */;
		};
/* End PBXTargetDependency section */

/* Begin PBXVariantGroup section */
		67117C451E7A50C500357D9F /* Main.storyboard */ = {
			isa = PBXVariantGroup;
			children = (
				67117C461E7A50C500357D9F /* Base */,
			);
			name = Main.storyboard;
			sourceTree = "<group>";
		};
		67117C4A1E7A50C500357D9F /* LaunchScreen.storyboard */ = {
			isa = PBXVariantGroup;
			children = (
				67117C4B1E7A50C500357D9F /* Base */,
				67250A091E866C4800F824DD /* zh-Hant */,
			);
			name = LaunchScreen.storyboard;
			sourceTree = "<group>";
		};
		67250A181E866D1000F824DD /* Localizable.strings */ = {
			isa = PBXVariantGroup;
			children = (
				67250A171E866D1000F824DD /* Base */,
				67250A191E866D4400F824DD /* en */,
				67250A1A1E866D4500F824DD /* zh-Hant */,
			);
			name = Localizable.strings;
			sourceTree = "<group>";
		};
/* End PBXVariantGroup section */

/* Begin XCBuildConfiguration section */
		67117C641E7A50C500357D9F /* Debug */ = {
			isa = XCBuildConfiguration;
			buildSettings = {
				ALWAYS_SEARCH_USER_PATHS = NO;
				CLANG_ANALYZER_LOCALIZABILITY_NONLOCALIZED = YES;
				CLANG_ANALYZER_NONNULL = YES;
				CLANG_CXX_LANGUAGE_STANDARD = "gnu++0x";
				CLANG_CXX_LIBRARY = "libc++";
				CLANG_ENABLE_MODULES = YES;
				CLANG_ENABLE_OBJC_ARC = YES;
				CLANG_WARN_BOOL_CONVERSION = YES;
				CLANG_WARN_CONSTANT_CONVERSION = YES;
				CLANG_WARN_DIRECT_OBJC_ISA_USAGE = YES_ERROR;
				CLANG_WARN_DOCUMENTATION_COMMENTS = YES;
				CLANG_WARN_EMPTY_BODY = YES;
				CLANG_WARN_ENUM_CONVERSION = YES;
				CLANG_WARN_INFINITE_RECURSION = YES;
				CLANG_WARN_INT_CONVERSION = YES;
				CLANG_WARN_OBJC_ROOT_CLASS = YES_ERROR;
				CLANG_WARN_SUSPICIOUS_MOVE = YES;
				CLANG_WARN_UNREACHABLE_CODE = YES;
				CLANG_WARN__DUPLICATE_METHOD_MATCH = YES;
				"CODE_SIGN_IDENTITY[sdk=iphoneos*]" = "iPhone Developer";
				COPY_PHASE_STRIP = NO;
				DEBUG_INFORMATION_FORMAT = dwarf;
				ENABLE_STRICT_OBJC_MSGSEND = YES;
				ENABLE_TESTABILITY = YES;
				GCC_C_LANGUAGE_STANDARD = gnu99;
				GCC_DYNAMIC_NO_PIC = NO;
				GCC_NO_COMMON_BLOCKS = YES;
				GCC_OPTIMIZATION_LEVEL = 0;
				GCC_PREPROCESSOR_DEFINITIONS = (
					"DEBUG=1",
					"$(inherited)",
				);
				GCC_WARN_64_TO_32_BIT_CONVERSION = YES;
				GCC_WARN_ABOUT_RETURN_TYPE = YES_ERROR;
				GCC_WARN_UNDECLARED_SELECTOR = YES;
				GCC_WARN_UNINITIALIZED_AUTOS = YES_AGGRESSIVE;
				GCC_WARN_UNUSED_FUNCTION = YES;
				GCC_WARN_UNUSED_VARIABLE = YES;
				IPHONEOS_DEPLOYMENT_TARGET = 10.2;
				MTL_ENABLE_DEBUG_INFO = YES;
				ONLY_ACTIVE_ARCH = YES;
				SDKROOT = iphoneos;
				SWIFT_ACTIVE_COMPILATION_CONDITIONS = DEBUG;
				SWIFT_OPTIMIZATION_LEVEL = "-Onone";
				TARGETED_DEVICE_FAMILY = "1,2";
				VALID_ARCHS = "arm64 armv7 armv7s";
			};
			name = Debug;
		};
		67117C651E7A50C500357D9F /* Release */ = {
			isa = XCBuildConfiguration;
			buildSettings = {
				ALWAYS_SEARCH_USER_PATHS = NO;
				CLANG_ANALYZER_LOCALIZABILITY_NONLOCALIZED = YES;
				CLANG_ANALYZER_NONNULL = YES;
				CLANG_CXX_LANGUAGE_STANDARD = "gnu++0x";
				CLANG_CXX_LIBRARY = "libc++";
				CLANG_ENABLE_MODULES = YES;
				CLANG_ENABLE_OBJC_ARC = YES;
				CLANG_WARN_BOOL_CONVERSION = YES;
				CLANG_WARN_CONSTANT_CONVERSION = YES;
				CLANG_WARN_DIRECT_OBJC_ISA_USAGE = YES_ERROR;
				CLANG_WARN_DOCUMENTATION_COMMENTS = YES;
				CLANG_WARN_EMPTY_BODY = YES;
				CLANG_WARN_ENUM_CONVERSION = YES;
				CLANG_WARN_INFINITE_RECURSION = YES;
				CLANG_WARN_INT_CONVERSION = YES;
				CLANG_WARN_OBJC_ROOT_CLASS = YES_ERROR;
				CLANG_WARN_SUSPICIOUS_MOVE = YES;
				CLANG_WARN_UNREACHABLE_CODE = YES;
				CLANG_WARN__DUPLICATE_METHOD_MATCH = YES;
				"CODE_SIGN_IDENTITY[sdk=iphoneos*]" = "iPhone Developer";
				COPY_PHASE_STRIP = NO;
				DEBUG_INFORMATION_FORMAT = "dwarf-with-dsym";
				ENABLE_NS_ASSERTIONS = NO;
				ENABLE_STRICT_OBJC_MSGSEND = YES;
				GCC_C_LANGUAGE_STANDARD = gnu99;
				GCC_NO_COMMON_BLOCKS = YES;
				GCC_WARN_64_TO_32_BIT_CONVERSION = YES;
				GCC_WARN_ABOUT_RETURN_TYPE = YES_ERROR;
				GCC_WARN_UNDECLARED_SELECTOR = YES;
				GCC_WARN_UNINITIALIZED_AUTOS = YES_AGGRESSIVE;
				GCC_WARN_UNUSED_FUNCTION = YES;
				GCC_WARN_UNUSED_VARIABLE = YES;
				IPHONEOS_DEPLOYMENT_TARGET = 10.2;
				MTL_ENABLE_DEBUG_INFO = NO;
				SDKROOT = iphoneos;
				SWIFT_OPTIMIZATION_LEVEL = "-Owholemodule";
				TARGETED_DEVICE_FAMILY = "1,2";
				VALIDATE_PRODUCT = YES;
				VALID_ARCHS = "arm64 armv7 armv7s";
			};
			name = Release;
		};
		67117C671E7A50C500357D9F /* Debug */ = {
			isa = XCBuildConfiguration;
			baseConfigurationReference = 770B123BA99BAFAF4E20AA21 /* Pods-ITRITainenHelper.debug.xcconfig */;
			buildSettings = {
				ASSETCATALOG_COMPILER_APPICON_NAME = AppIcon;
				DEVELOPMENT_TEAM = 83VPNY26HX;
				FRAMEWORK_SEARCH_PATHS = (
					"$(inherited)/**",
					"$(PROJECT_DIR)/**",
					"$(PROJECT_DIR)",
				);
				HEADER_SEARCH_PATHS = "";
				INFOPLIST_FILE = ITRITainenHelper/Info.plist;
				IPHONEOS_DEPLOYMENT_TARGET = 10.3;
				LD_RUNPATH_SEARCH_PATHS = "$(inherited) @executable_path/Frameworks";
				LIBRARY_SEARCH_PATHS = "";
				ONLY_ACTIVE_ARCH = YES;
				PRODUCT_BUNDLE_IDENTIFIER = itri.oslo.ITRITainenHelper;
				PRODUCT_NAME = "$(TARGET_NAME)";
				SWIFT_VERSION = 3.0;
				VALID_ARCHS = "armv7 arm64 armv7s x86_64";
			};
			name = Debug;
		};
		67117C681E7A50C500357D9F /* Release */ = {
			isa = XCBuildConfiguration;
			baseConfigurationReference = F29D885B1DE2474646A5D98E /* Pods-ITRITainenHelper.release.xcconfig */;
			buildSettings = {
				ASSETCATALOG_COMPILER_APPICON_NAME = AppIcon;
				DEVELOPMENT_TEAM = 83VPNY26HX;
				FRAMEWORK_SEARCH_PATHS = (
					"$(inherited)/**",
					"$(PROJECT_DIR)/**",
					"$(PROJECT_DIR)",
				);
				HEADER_SEARCH_PATHS = "";
				INFOPLIST_FILE = ITRITainenHelper/Info.plist;
				IPHONEOS_DEPLOYMENT_TARGET = 10.3;
				LD_RUNPATH_SEARCH_PATHS = "$(inherited) @executable_path/Frameworks";
				LIBRARY_SEARCH_PATHS = "";
				ONLY_ACTIVE_ARCH = NO;
				PRODUCT_BUNDLE_IDENTIFIER = itri.oslo.ITRITainenHelper;
				PRODUCT_NAME = "$(TARGET_NAME)";
				SWIFT_VERSION = 3.0;
				VALID_ARCHS = "armv7 arm64 armv7s x86_64";
			};
			name = Release;
		};
		67117C6A1E7A50C500357D9F /* Debug */ = {
			isa = XCBuildConfiguration;
			buildSettings = {
				ALWAYS_EMBED_SWIFT_STANDARD_LIBRARIES = YES;
				BUNDLE_LOADER = "$(TEST_HOST)";
				DEVELOPMENT_TEAM = SNDW4UT5VM;
				INFOPLIST_FILE = ITRITainenHelperTests/Info.plist;
				LD_RUNPATH_SEARCH_PATHS = "$(inherited) @executable_path/Frameworks @loader_path/Frameworks";
				PRODUCT_BUNDLE_IDENTIFIER = uscc.IoTFarm.ITRITainenHelperTests;
				PRODUCT_NAME = "$(TARGET_NAME)";
				SWIFT_VERSION = 3.0;
				TEST_HOST = "$(BUILT_PRODUCTS_DIR)/ITRITainenHelper.app/ITRITainenHelper";
			};
			name = Debug;
		};
		67117C6B1E7A50C500357D9F /* Release */ = {
			isa = XCBuildConfiguration;
			buildSettings = {
				ALWAYS_EMBED_SWIFT_STANDARD_LIBRARIES = YES;
				BUNDLE_LOADER = "$(TEST_HOST)";
				DEVELOPMENT_TEAM = SNDW4UT5VM;
				INFOPLIST_FILE = ITRITainenHelperTests/Info.plist;
				LD_RUNPATH_SEARCH_PATHS = "$(inherited) @executable_path/Frameworks @loader_path/Frameworks";
				PRODUCT_BUNDLE_IDENTIFIER = uscc.IoTFarm.ITRITainenHelperTests;
				PRODUCT_NAME = "$(TARGET_NAME)";
				SWIFT_VERSION = 3.0;
				TEST_HOST = "$(BUILT_PRODUCTS_DIR)/ITRITainenHelper.app/ITRITainenHelper";
			};
			name = Release;
		};
		67117C6D1E7A50C500357D9F /* Debug */ = {
			isa = XCBuildConfiguration;
			buildSettings = {
				ALWAYS_EMBED_SWIFT_STANDARD_LIBRARIES = YES;
				DEVELOPMENT_TEAM = SNDW4UT5VM;
				INFOPLIST_FILE = ITRITainenHelperUITests/Info.plist;
				LD_RUNPATH_SEARCH_PATHS = "$(inherited) @executable_path/Frameworks @loader_path/Frameworks";
				PRODUCT_BUNDLE_IDENTIFIER = uscc.IoTFarm.ITRITainenHelperUITests;
				PRODUCT_NAME = "$(TARGET_NAME)";
				SWIFT_VERSION = 3.0;
				TEST_TARGET_NAME = ITRITainenHelper;
			};
			name = Debug;
		};
		67117C6E1E7A50C500357D9F /* Release */ = {
			isa = XCBuildConfiguration;
			buildSettings = {
				ALWAYS_EMBED_SWIFT_STANDARD_LIBRARIES = YES;
				DEVELOPMENT_TEAM = SNDW4UT5VM;
				INFOPLIST_FILE = ITRITainenHelperUITests/Info.plist;
				LD_RUNPATH_SEARCH_PATHS = "$(inherited) @executable_path/Frameworks @loader_path/Frameworks";
				PRODUCT_BUNDLE_IDENTIFIER = uscc.IoTFarm.ITRITainenHelperUITests;
				PRODUCT_NAME = "$(TARGET_NAME)";
				SWIFT_VERSION = 3.0;
				TEST_TARGET_NAME = ITRITainenHelper;
			};
			name = Release;
		};
/* End XCBuildConfiguration section */

/* Begin XCConfigurationList section */
		67117C391E7A50C500357D9F /* Build configuration list for PBXProject "ITRITainenHelper" */ = {
			isa = XCConfigurationList;
			buildConfigurations = (
				67117C641E7A50C500357D9F /* Debug */,
				67117C651E7A50C500357D9F /* Release */,
			);
			defaultConfigurationIsVisible = 0;
			defaultConfigurationName = Release;
		};
		67117C661E7A50C500357D9F /* Build configuration list for PBXNativeTarget "ITRITainenHelper" */ = {
			isa = XCConfigurationList;
			buildConfigurations = (
				67117C671E7A50C500357D9F /* Debug */,
				67117C681E7A50C500357D9F /* Release */,
			);
			defaultConfigurationIsVisible = 0;
			defaultConfigurationName = Release;
		};
		67117C691E7A50C500357D9F /* Build configuration list for PBXNativeTarget "ITRITainenHelperTests" */ = {
			isa = XCConfigurationList;
			buildConfigurations = (
				67117C6A1E7A50C500357D9F /* Debug */,
				67117C6B1E7A50C500357D9F /* Release */,
			);
			defaultConfigurationIsVisible = 0;
			defaultConfigurationName = Release;
		};
		67117C6C1E7A50C500357D9F /* Build configuration list for PBXNativeTarget "ITRITainenHelperUITests" */ = {
			isa = XCConfigurationList;
			buildConfigurations = (
				67117C6D1E7A50C500357D9F /* Debug */,
				67117C6E1E7A50C500357D9F /* Release */,
			);
			defaultConfigurationIsVisible = 0;
			defaultConfigurationName = Release;
		};
/* End XCConfigurationList section */
	};
	rootObject = 67117C361E7A50C500357D9F /* Project object */;
}
